{
  "requires": true,
  "lockfileVersion": 1,
  "dependencies": {
    "react-client-session": {
      "version": "0.0.7",
      "resolved": "https://registry.npmjs.org/react-client-session/-/react-client-session-0.0.7.tgz",
      "integrity": "sha512-UeiECmKybfqTp/Fk7qCOs0OV/Lnw3km5vNoYnVjygVDwqg8SPm8YzFKJcFsmNDhPh6Ak1oCjAySJfSDrSZglbQ=="
    }
  }
}
